// !$*UTF8*$!
{
	archiveVersion = 1;
	classes = {
	};
	objectVersion = 77;
	objects = {

/* Begin PBXContainerItemProxy section */
		F609F22C2FD61CEB003CA2C6 /* PBXContainerItemProxy */ = {
			isa = PBXContainerItemProxy;
			containerPortal = F609F2142FD61CEA003CA2C6 /* Project object */;
			proxyType = 1;
			remoteGlobalIDString = F609F21B2FD61CEA003CA2C6;
			remoteInfo = Orbit;
		};
		F609F2362FD61CEB003CA2C6 /* PBXContainerItemProxy */ = {
			isa = PBXContainerItemProxy;
			containerPortal = F609F2142FD61CEA003CA2C6 /* Project object */;
			proxyType = 1;
			remoteGlobalIDString = F609F21B2FD61CEA003CA2C6;
			remoteInfo = Orbit;
		};
/* End PBXContainerItemProxy section */

/* Begin PBXFileReference section */
		F609F21C2FD61CEA003CA2C6 /* Orbit.app */ = {isa = PBXFileReference; explicitFileType = wrapper.application; includeInIndex = 0; path = Orbit.app; sourceTree = BUILT_PRODUCTS_DIR; };
		F609F22B2FD61CEB003CA2C6 /* OrbitTests.xctest */ = {isa = PBXFileReference; explicitFileType = wrapper.cfbundle; includeInIndex = 0; path = OrbitTests.xctest; sourceTree = BUILT_PRODUCTS_DIR; };
		F609F2352FD61CEB003CA2C6 /* OrbitUITests.xctest */ = {isa = PBXFileReference; explicitFileType = wrapper.cfbundle; includeInIndex = 0; path = OrbitUITests.xctest; sourceTree = BUILT_PRODUCTS_DIR; };
/* End PBXFileReference section */

/* Begin PBXFileSystemSynchronizedBuildFileExceptionSet section */
		831F7AC3FD08527BEBD2E974 /* PBXFileSystemSynchronizedBuildFileExceptionSet */ = {
			isa = PBXFileSystemSynchronizedBuildFileExceptionSet;
			membershipExceptions = (
				Core/.gitkeep,
				DesignSystem/.gitkeep,
				Features/.gitkeep,
				Resources/.gitkeep,
			);
			target = F609F21B2FD61CEA003CA2C6 /* Orbit */;
		};
		A3F0E9C1B4D2487F9E6C0A15 /* PBXFileSystemSynchronizedBuildFileExceptionSet */ = {
			isa = PBXFileSystemSynchronizedBuildFileExceptionSet;
			membershipExceptions = (
				"SnapshotTests/__Snapshots__/AvatarSnapshotTests/initialsFallback.1.png",
				"SnapshotTests/__Snapshots__/AvatarSnapshotTests/initialsFallbackWithGlyph.1.png",
				"SnapshotTests/__Snapshots__/AvatarSnapshotTests/withImage.1.png",
				"SnapshotTests/__Snapshots__/AvatarSnapshotTests/withImageAndGlyph.1.png",
				"SnapshotTests/__Snapshots__/EmptyStateViewSnapshotTests/withCTA.1.png",
				"SnapshotTests/__Snapshots__/EmptyStateViewSnapshotTests/withoutCTA.1.png",
				"SnapshotTests/__Snapshots__/LoadingButtonSnapshotTests/destructiveRest.1.png",
				"SnapshotTests/__Snapshots__/LoadingButtonSnapshotTests/primaryRest.1.png",
				"SnapshotTests/__Snapshots__/LoadingButtonSnapshotTests/secondaryRest.1.png",
				"SnapshotTests/__Snapshots__/OpenerChipSnapshotTests/selected.1.png",
				"SnapshotTests/__Snapshots__/OpenerChipSnapshotTests/unselected.1.png",
				"SnapshotTests/__Snapshots__/OrbitButtonSnapshotTests/destructivePressed.1.png",
				"SnapshotTests/__Snapshots__/OrbitButtonSnapshotTests/destructiveRest.1.png",
				"SnapshotTests/__Snapshots__/OrbitButtonSnapshotTests/primaryDisabled.1.png",
				"SnapshotTests/__Snapshots__/OrbitButtonSnapshotTests/primaryLoading.1.png",
				"SnapshotTests/__Snapshots__/OrbitButtonSnapshotTests/primaryPressed.1.png",
				"SnapshotTests/__Snapshots__/OrbitButtonSnapshotTests/primaryRest.1.png",
				"SnapshotTests/__Snapshots__/OrbitButtonSnapshotTests/secondaryDisabled.1.png",
				"SnapshotTests/__Snapshots__/OrbitButtonSnapshotTests/secondaryPressed.1.png",
				"SnapshotTests/__Snapshots__/OrbitButtonSnapshotTests/secondaryRest.1.png",
				"SnapshotTests/__Snapshots__/OrbitCardSnapshotTests/sampleContent.1.png",
				"SnapshotTests/__Snapshots__/OrbitTextFieldSnapshotTests/defaultEmpty.1.png",
				"SnapshotTests/__Snapshots__/OrbitTextFieldSnapshotTests/error.1.png",
				"SnapshotTests/__Snapshots__/OrbitTextFieldSnapshotTests/filled.1.png",
				"SnapshotTests/__Snapshots__/OTPBoxFieldSnapshotTests/empty.1.png",
				"SnapshotTests/__Snapshots__/OTPBoxFieldSnapshotTests/error.1.png",
				"SnapshotTests/__Snapshots__/OTPBoxFieldSnapshotTests/full.1.png",
				"SnapshotTests/__Snapshots__/OTPBoxFieldSnapshotTests/partial.1.png",
				"SnapshotTests/__Snapshots__/SkeletonViewSnapshotTests/restFrame.1.png",
				"SnapshotTests/__Snapshots__/VibeTagSnapshotTests/selectedPicker.1.png",
				"SnapshotTests/__Snapshots__/VibeTagSnapshotTests/staticDisplay.1.png",
				"SnapshotTests/__Snapshots__/VibeTagSnapshotTests/unselectedPicker.1.png",
			);
			target = F609F22A2FD61CEB003CA2C6 /* OrbitTests */;
		};
/* End PBXFileSystemSynchronizedBuildFileExceptionSet section */

/* Begin PBXFileSystemSynchronizedRootGroup section */
		F609F21E2FD61CEA003CA2C6 /* Orbit */ = {
			isa = PBXFileSystemSynchronizedRootGroup;
			exceptions = (
				831F7AC3FD08527BEBD2E974 /* PBXFileSystemSynchronizedBuildFileExceptionSet */,
			);
			path = Orbit;
			sourceTree = "<group>";
		};
		F609F22E2FD61CEB003CA2C6 /* OrbitTests */ = {
			isa = PBXFileSystemSynchronizedRootGroup;
			exceptions = (
				A3F0E9C1B4D2487F9E6C0A15 /* PBXFileSystemSynchronizedBuildFileExceptionSet */,
			);
			path = OrbitTests;
			sourceTree = "<group>";
		};
		F609F2382FD61CEB003CA2C6 /* OrbitUITests */ = {
			isa = PBXFileSystemSynchronizedRootGroup;
			path = OrbitUITests;
			sourceTree = "<group>";
		};
/* End PBXFileSystemSynchronizedRootGroup section */

/* Begin PBXFrameworksBuildPhase section */
		F609F2192FD61CEA003CA2C6 /* Frameworks */ = {
			isa = PBXFrameworksBuildPhase;
			buildActionMask = 2147483647;
			files = (
			);
			runOnlyForDeploymentPostprocessing = 0;
		};
		F609F2282FD61CEB003CA2C6 /* Frameworks */ = {
			isa = PBXFrameworksBuildPhase;
			buildActionMask = 2147483647;
			files = (
			);
			runOnlyForDeploymentPostprocessing = 0;
		};
		F609F2322FD61CEB003CA2C6 /* Frameworks */ = {
			isa = PBXFrameworksBuildPhase;
			buildActionMask = 2147483647;
			files = (
			);
			runOnlyForDeploymentPostprocessing = 0;
		};
/* End PBXFrameworksBuildPhase section */

/* Begin PBXGroup section */
		F609F2132FD61CEA003CA2C6 = {
			isa = PBXGroup;
			children = (
				F609F21E2FD61CEA003CA2C6 /* Orbit */,
				F609F22E2FD61CEB003CA2C6 /* OrbitTests */,
				F609F2382FD61CEB003CA2C6 /* OrbitUITests */,
				F609F21D2FD61CEA003CA2C6 /* Products */,
			);
			sourceTree = "<group>";
		};
		F609F21D2FD61CEA003CA2C6 /* Products */ = {
			isa = PBXGroup;
			children = (
				F609F21C2FD61CEA003CA2C6 /* Orbit.app */,
				F609F22B2FD61CEB003CA2C6 /* OrbitTests.xctest */,
				F609F2352FD61CEB003CA2C6 /* OrbitUITests.xctest */,
			);
			name = Products;
			sourceTree = "<group>";
		};
/* End PBXGroup section */

/* Begin PBXNativeTarget section */
		F609F21B2FD61CEA003CA2C6 /* Orbit */ = {
			isa = PBXNativeTarget;
			buildConfigurationList = F609F23F2FD61CEB003CA2C6 /* Build configuration list for PBXNativeTarget "Orbit" */;
			buildPhases = (
				F609F2182FD61CEA003CA2C6 /* Sources */,
				F609F2192FD61CEA003CA2C6 /* Frameworks */,
				F609F21A2FD61CEA003CA2C6 /* Resources */,
			);
			buildRules = (
			);
			dependencies = (
			);
			fileSystemSynchronizedGroups = (
				F609F21E2FD61CEA003CA2C6 /* Orbit */,
			);
			name = Orbit;
			packageProductDependencies = (
				528885EB7DBEB1F9480D85F9 /* Supabase */,
				3B651F955BFA81467933E284 /* KeychainAccess */,
			);
			productName = Orbit;
			productReference = F609F21C2FD61CEA003CA2C6 /* Orbit.app */;
			productType = "com.apple.product-type.application";
		};
		F609F22A2FD61CEB003CA2C6 /* OrbitTests */ = {
			isa = PBXNativeTarget;
			buildConfigurationList = F609F2422FD61CEB003CA2C6 /* Build configuration list for PBXNativeTarget "OrbitTests" */;
			buildPhases = (
				F609F2272FD61CEB003CA2C6 /* Sources */,
				F609F2282FD61CEB003CA2C6 /* Frameworks */,
				F609F2292FD61CEB003CA2C6 /* Resources */,
			);
			buildRules = (
			);
			dependencies = (
				F609F22D2FD61CEB003CA2C6 /* PBXTargetDependency */,
			);
			fileSystemSynchronizedGroups = (
				F609F22E2FD61CEB003CA2C6 /* OrbitTests */,
			);
			name = OrbitTests;
			packageProductDependencies = (
				594BC9B024D1EBDA096AF675 /* SnapshotTesting */,
			);
			productName = OrbitTests;
			productReference = F609F22B2FD61CEB003CA2C6 /* OrbitTests.xctest */;
			productType = "com.apple.product-type.bundle.unit-test";
		};
		F609F2342FD61CEB003CA2C6 /* OrbitUITests */ = {
			isa = PBXNativeTarget;
			buildConfigurationList = F609F2452FD61CEB003CA2C6 /* Build configuration list for PBXNativeTarget "OrbitUITests" */;
			buildPhases = (
				F609F2312FD61CEB003CA2C6 /* Sources */,
				F609F2322FD61CEB003CA2C6 /* Frameworks */,
				F609F2332FD61CEB003CA2C6 /* Resources */,
			);
			buildRules = (
			);
			dependencies = (
				F609F2372FD61CEB003CA2C6 /* PBXTargetDependency */,
			);
			fileSystemSynchronizedGroups = (
				F609F2382FD61CEB003CA2C6 /* OrbitUITests */,
			);
			name = OrbitUITests;
			packageProductDependencies = (
			);
			productName = OrbitUITests;
			productReference = F609F2352FD61CEB003CA2C6 /* OrbitUITests.xctest */;
			productType = "com.apple.product-type.bundle.ui-testing";
		};
/* End PBXNativeTarget section */

/* Begin PBXProject section */
		F609F2142FD61CEA003CA2C6 /* Project object */ = {
			isa = PBXProject;
			attributes = {
				BuildIndependentTargetsInParallel = 1;
				LastSwiftUpdateCheck = 2650;
				LastUpgradeCheck = 2650;
				TargetAttributes = {
					F609F21B2FD61CEA003CA2C6 = {
						CreatedOnToolsVersion = 26.5;
					};
					F609F22A2FD61CEB003CA2C6 = {
						CreatedOnToolsVersion = 26.5;
						TestTargetID = F609F21B2FD61CEA003CA2C6;
					};
					F609F2342FD61CEB003CA2C6 = {
						CreatedOnToolsVersion = 26.5;
						TestTargetID = F609F21B2FD61CEA003CA2C6;
					};
				};
			};
			buildConfigurationList = F609F2172FD61CEA003CA2C6 /* Build configuration list for PBXProject "Orbit" */;
			developmentRegion = en;
			hasScannedForEncodings = 0;
			knownRegions = (
				en,
				Base,
			);
			mainGroup = F609F2132FD61CEA003CA2C6;
			minimizedProjectReferenceProxies = 1;
			packageReferences = (
				DCB62DE414B69C9F1150F337 /* XCRemoteSwiftPackageReference "supabase-swift" */,
				25DE5F0B08865E4428EA616C /* XCRemoteSwiftPackageReference "KeychainAccess" */,
				D2796C0221173B39E40E1E52 /* XCRemoteSwiftPackageReference "swift-snapshot-testing" */,
			);
			preferredProjectObjectVersion = 77;
			productRefGroup = F609F21D2FD61CEA003CA2C6 /* Products */;
			projectDirPath = "";
			projectRoot = "";
			targets = (
				F609F21B2FD61CEA003CA2C6 /* Orbit */,
				F609F22A2FD61CEB003CA2C6 /* OrbitTests */,
				F609F2342FD61CEB003CA2C6 /* OrbitUITests */,
			);
		};
/* End PBXProject section */

/* Begin PBXResourcesBuildPhase section */
		F609F21A2FD61CEA003CA2C6 /* Resources */ = {
			isa = PBXResourcesBuildPhase;
			buildActionMask = 2147483647;
			files = (
			);
			runOnlyForDeploymentPostprocessing = 0;
		};
		F609F2292FD61CEB003CA2C6 /* Resources */ = {
			isa = PBXResourcesBuildPhase;
			buildActionMask = 2147483647;
			files = (
			);
			runOnlyForDeploymentPostprocessing = 0;
		};
		F609F2332FD61CEB003CA2C6 /* Resources */ = {
			isa = PBXResourcesBuildPhase;
			buildActionMask = 2147483647;
			files = (
			);
			runOnlyForDeploymentPostprocessing = 0;
		};
/* End PBXResourcesBuildPhase section */

/* Begin PBXSourcesBuildPhase section */
		F609F2182FD61CEA003CA2C6 /* Sources */ = {
			isa = PBXSourcesBuildPhase;
			buildActionMask = 2147483647;
			files = (
			);
			runOnlyForDeploymentPostprocessing = 0;
		};
		F609F2272FD61CEB003CA2C6 /* Sources */ = {
			isa = PBXSourcesBuildPhase;
			buildActionMask = 2147483647;
			files = (
			);
			runOnlyForDeploymentPostprocessing = 0;
		};
		F609F2312FD61CEB003CA2C6 /* Sources */ = {
			isa = PBXSourcesBuildPhase;
			buildActionMask = 2147483647;
			files = (
			);
			runOnlyForDeploymentPostprocessing = 0;
		};
/* End PBXSourcesBuildPhase section */

/* Begin PBXTargetDependency section */
		F609F22D2FD61CEB003CA2C6 /* PBXTargetDependency */ = {
			isa = PBXTargetDependency;
			target = F609F21B2FD61CEA003CA2C6 /* Orbit */;
			targetProxy = F609F22C2FD61CEB003CA2C6 /* PBXContainerItemProxy */;
		};
		F609F2372FD61CEB003CA2C6 /* PBXTargetDependency */ = {
			isa = PBXTargetDependency;
			target = F609F21B2FD61CEA003CA2C6 /* Orbit */;
			targetProxy = F609F2362FD61CEB003CA2C6 /* PBXContainerItemProxy */;
		};
/* End PBXTargetDependency section */

/* Begin XCBuildConfiguration section */
		F609F23D2FD61CEB003CA2C6 /* Debug */ = {
			isa = XCBuildConfiguration;
			buildSettings = {
				ALWAYS_SEARCH_USER_PATHS = NO;
				ASSETCATALOG_COMPILER_GENERATE_SWIFT_ASSET_SYMBOL_EXTENSIONS = YES;
				CLANG_ANALYZER_NONNULL = YES;
				CLANG_ANALYZER_NUMBER_OBJECT_CONVERSION = YES_AGGRESSIVE;
				CLANG_CXX_LANGUAGE_STANDARD = "gnu++20";
				CLANG_ENABLE_MODULES = YES;
				CLANG_ENABLE_OBJC_ARC = YES;
				CLANG_ENABLE_OBJC_WEAK = YES;
				CLANG_WARN_BLOCK_CAPTURE_AUTORELEASING = YES;
				CLANG_WARN_BOOL_CONVERSION = YES;
				CLANG_WARN_COMMA = YES;
				CLANG_WARN_CONSTANT_CONVERSION = YES;
				CLANG_WARN_DEPRECATED_OBJC_IMPLEMENTATIONS = YES;
				CLANG_WARN_DIRECT_OBJC_ISA_USAGE = YES_ERROR;
				CLANG_WARN_DOCUMENTATION_COMMENTS = YES;
				CLANG_WARN_EMPTY_BODY = YES;
				CLANG_WARN_ENUM_CONVERSION = YES;
				CLANG_WARN_INFINITE_RECURSION = YES;
				CLANG_WARN_INT_CONVERSION = YES;
				CLANG_WARN_NON_LITERAL_NULL_CONVERSION = YES;
				CLANG_WARN_OBJC_IMPLICIT_RETAIN_SELF = YES;
				CLANG_WARN_OBJC_LITERAL_CONVERSION = YES;
				CLANG_WARN_OBJC_ROOT_CLASS = YES_ERROR;
				CLANG_WARN_QUOTED_INCLUDE_IN_FRAMEWORK_HEADER = YES;
				CLANG_WARN_RANGE_LOOP_ANALYSIS = YES;
				CLANG_WARN_STRICT_PROTOTYPES = YES;
				CLANG_WARN_SUSPICIOUS_MOVE = YES;
				CLANG_WARN_UNGUARDED_AVAILABILITY = YES_AGGRESSIVE;
				CLANG_WARN_UNREACHABLE_CODE = YES;
				CLANG_WARN__DUPLICATE_METHOD_MATCH = YES;
				COPY_PHASE_STRIP = NO;
				DEBUG_INFORMATION_FORMAT = dwarf;
				DEVELOPMENT_TEAM = 3925Z7934T;
				ENABLE_STRICT_OBJC_MSGSEND = YES;
				ENABLE_TESTABILITY = YES;
				ENABLE_USER_SCRIPT_SANDBOXING = YES;
				GCC_C_LANGUAGE_STANDARD = gnu17;
				GCC_DYNAMIC_NO_PIC = NO;
				GCC_NO_COMMON_BLOCKS = YES;
				GCC_OPTIMIZATION_LEVEL = 0;
				GCC_PREPROCESSOR_DEFINITIONS = (
					"DEBUG=1",
					"$(inherited)",
				);
				GCC_WARN_64_TO_32_BIT_CONVERSION = YES;
				GCC_WARN_ABOUT_RETURN_TYPE = YES_ERROR;
				GCC_WARN_UNDECLARED_SELECTOR = YES;
				GCC_WARN_UNINITIALIZED_AUTOS = YES_AGGRESSIVE;
				GCC_WARN_UNUSED_FUNCTION = YES;
				GCC_WARN_UNUSED_VARIABLE = YES;
				IPHONEOS_DEPLOYMENT_TARGET = 17.0;
				LOCALIZATION_PREFERS_STRING_CATALOGS = YES;
				MTL_ENABLE_DEBUG_INFO = INCLUDE_SOURCE;
				MTL_FAST_MATH = YES;
				ONLY_ACTIVE_ARCH = YES;
				SDKROOT = iphoneos;
				SWIFT_ACTIVE_COMPILATION_CONDITIONS = "DEBUG $(inherited)";
				SWIFT_OPTIMIZATION_LEVEL = "-Onone";
			};
			name = Debug;
		};
		F609F23E2FD61CEB003CA2C6 /* Release */ = {
			isa = XCBuildConfiguration;
			buildSettings = {
				ALWAYS_SEARCH_USER_PATHS = NO;
				ASSETCATALOG_COMPILER_GENERATE_SWIFT_ASSET_SYMBOL_EXTENSIONS = YES;
				CLANG_ANALYZER_NONNULL = YES;
				CLANG_ANALYZER_NUMBER_OBJECT_CONVERSION = YES_AGGRESSIVE;
				CLANG_CXX_LANGUAGE_STANDARD = "gnu++20";
				CLANG_ENABLE_MODULES = YES;
				CLANG_ENABLE_OBJC_ARC = YES;
				CLANG_ENABLE_OBJC_WEAK = YES;
				CLANG_WARN_BLOCK_CAPTURE_AUTORELEASING = YES;
				CLANG_WARN_BOOL_CONVERSION = YES;
				CLANG_WARN_COMMA = YES;
				CLANG_WARN_CONSTANT_CONVERSION = YES;
				CLANG_WARN_DEPRECATED_OBJC_IMPLEMENTATIONS = YES;
				CLANG_WARN_DIRECT_OBJC_ISA_USAGE = YES_ERROR;
				CLANG_WARN_DOCUMENTATION_COMMENTS = YES;
				CLANG_WARN_EMPTY_BODY = YES;
				CLANG_WARN_ENUM_CONVERSION = YES;
				CLANG_WARN_INFINITE_RECURSION = YES;
				CLANG_WARN_INT_CONVERSION = YES;
				CLANG_WARN_NON_LITERAL_NULL_CONVERSION = YES;
				CLANG_WARN_OBJC_IMPLICIT_RETAIN_SELF = YES;
				CLANG_WARN_OBJC_LITERAL_CONVERSION = YES;
				CLANG_WARN_OBJC_ROOT_CLASS = YES_ERROR;
				CLANG_WARN_QUOTED_INCLUDE_IN_FRAMEWORK_HEADER = YES;
				CLANG_WARN_RANGE_LOOP_ANALYSIS = YES;
				CLANG_WARN_STRICT_PROTOTYPES = YES;
				CLANG_WARN_SUSPICIOUS_MOVE = YES;
				CLANG_WARN_UNGUARDED_AVAILABILITY = YES_AGGRESSIVE;
				CLANG_WARN_UNREACHABLE_CODE = YES;
				CLANG_WARN__DUPLICATE_METHOD_MATCH = YES;
				COPY_PHASE_STRIP = NO;
				DEBUG_INFORMATION_FORMAT = "dwarf-with-dsym";
				DEVELOPMENT_TEAM = 3925Z7934T;
				ENABLE_NS_ASSERTIONS = NO;
				ENABLE_STRICT_OBJC_MSGSEND = YES;
				ENABLE_USER_SCRIPT_SANDBOXING = YES;
				GCC_C_LANGUAGE_STANDARD = gnu17;
				GCC_NO_COMMON_BLOCKS = YES;
				GCC_WARN_64_TO_32_BIT_CONVERSION = YES;
				GCC_WARN_ABOUT_RETURN_TYPE = YES_ERROR;
				GCC_WARN_UNDECLARED_SELECTOR = YES;
				GCC_WARN_UNINITIALIZED_AUTOS = YES_AGGRESSIVE;
				GCC_WARN_UNUSED_FUNCTION = YES;
				GCC_WARN_UNUSED_VARIABLE = YES;
				IPHONEOS_DEPLOYMENT_TARGET = 17.0;
				LOCALIZATION_PREFERS_STRING_CATALOGS = YES;
				MTL_ENABLE_DEBUG_INFO = NO;
				MTL_FAST_MATH = YES;
				SDKROOT = iphoneos;
				SWIFT_COMPILATION_MODE = wholemodule;
				VALIDATE_PRODUCT = YES;
			};
			name = Release;
		};
		F609F2402FD61CEB003CA2C6 /* Debug */ = {
			isa = XCBuildConfiguration;
			buildSettings = {
				ASSETCATALOG_COMPILER_APPICON_NAME = AppIcon;
				ASSETCATALOG_COMPILER_GLOBAL_ACCENT_COLOR_NAME = AccentColor;
				CODE_SIGN_STYLE = Automatic;
				CURRENT_PROJECT_VERSION = 1;
				DEVELOPMENT_TEAM = 3925Z7934T;
				ENABLE_PREVIEWS = YES;
				GENERATE_INFOPLIST_FILE = YES;
				INFOPLIST_KEY_UIApplicationSceneManifest_Generation = YES;
				INFOPLIST_KEY_UIApplicationSupportsIndirectInputEvents = YES;
				INFOPLIST_KEY_UILaunchScreen_Generation = YES;
				INFOPLIST_KEY_UISupportedInterfaceOrientations_iPad = "UIInterfaceOrientationPortrait UIInterfaceOrientationPortraitUpsideDown UIInterfaceOrientationLandscapeLeft UIInterfaceOrientationLandscapeRight";
				INFOPLIST_KEY_UISupportedInterfaceOrientations_iPhone = "UIInterfaceOrientationPortrait UIInterfaceOrientationLandscapeLeft UIInterfaceOrientationLandscapeRight";
				LD_RUNPATH_SEARCH_PATHS = (
					"$(inherited)",
					"@executable_path/Frameworks",
				);
				MARKETING_VERSION = 1.0;
				PRODUCT_BUNDLE_IDENTIFIER = com.orbit.app;
				PRODUCT_NAME = "$(TARGET_NAME)";
				STRING_CATALOG_GENERATE_SYMBOLS = YES;
				SWIFT_APPROACHABLE_CONCURRENCY = YES;
				SWIFT_DEFAULT_ACTOR_ISOLATION = MainActor;
				SWIFT_EMIT_LOC_STRINGS = YES;
				SWIFT_UPCOMING_FEATURE_MEMBER_IMPORT_VISIBILITY = YES;
				SWIFT_VERSION = 5.0;
				TARGETED_DEVICE_FAMILY = "1,2";
			};
			name = Debug;
		};
		F609F2412FD61CEB003CA2C6 /* Release */ = {
			isa = XCBuildConfiguration;
			buildSettings = {
				ASSETCATALOG_COMPILER_APPICON_NAME = AppIcon;
				ASSETCATALOG_COMPILER_GLOBAL_ACCENT_COLOR_NAME = AccentColor;
				CODE_SIGN_STYLE = Automatic;
				CURRENT_PROJECT_VERSION = 1;
				DEVELOPMENT_TEAM = 3925Z7934T;
				ENABLE_PREVIEWS = YES;
				GENERATE_INFOPLIST_FILE = YES;
				INFOPLIST_KEY_UIApplicationSceneManifest_Generation = YES;
				INFOPLIST_KEY_UIApplicationSupportsIndirectInputEvents = YES;
				INFOPLIST_KEY_UILaunchScreen_Generation = YES;
				INFOPLIST_KEY_UISupportedInterfaceOrientations_iPad = "UIInterfaceOrientationPortrait UIInterfaceOrientationPortraitUpsideDown UIInterfaceOrientationLandscapeLeft UIInterfaceOrientationLandscapeRight";
				INFOPLIST_KEY_UISupportedInterfaceOrientations_iPhone = "UIInterfaceOrientationPortrait UIInterfaceOrientationLandscapeLeft UIInterfaceOrientationLandscapeRight";
				LD_RUNPATH_SEARCH_PATHS = (
					"$(inherited)",
					"@executable_path/Frameworks",
				);
				MARKETING_VERSION = 1.0;
				PRODUCT_BUNDLE_IDENTIFIER = com.orbit.app;
				PRODUCT_NAME = "$(TARGET_NAME)";
				STRING_CATALOG_GENERATE_SYMBOLS = YES;
				SWIFT_APPROACHABLE_CONCURRENCY = YES;
				SWIFT_DEFAULT_ACTOR_ISOLATION = MainActor;
				SWIFT_EMIT_LOC_STRINGS = YES;
				SWIFT_UPCOMING_FEATURE_MEMBER_IMPORT_VISIBILITY = YES;
				SWIFT_VERSION = 5.0;
				TARGETED_DEVICE_FAMILY = "1,2";
			};
			name = Release;
		};
		F609F2432FD61CEB003CA2C6 /* Debug */ = {
			isa = XCBuildConfiguration;
			buildSettings = {
				BUNDLE_LOADER = "$(TEST_HOST)";
				CODE_SIGN_STYLE = Automatic;
				CURRENT_PROJECT_VERSION = 1;
				DEVELOPMENT_TEAM = 3925Z7934T;
				GENERATE_INFOPLIST_FILE = YES;
				IPHONEOS_DEPLOYMENT_TARGET = 17.0;
				MARKETING_VERSION = 1.0;
				PRODUCT_BUNDLE_IDENTIFIER = com.orbit.app.tests;
				PRODUCT_NAME = "$(TARGET_NAME)";
				STRING_CATALOG_GENERATE_SYMBOLS = NO;
				SWIFT_APPROACHABLE_CONCURRENCY = YES;
				SWIFT_EMIT_LOC_STRINGS = NO;
				SWIFT_UPCOMING_FEATURE_MEMBER_IMPORT_VISIBILITY = YES;
				SWIFT_VERSION = 5.0;
				TARGETED_DEVICE_FAMILY = "1,2";
				TEST_HOST = "$(BUILT_PRODUCTS_DIR)/Orbit.app/$(BUNDLE_EXECUTABLE_FOLDER_PATH)/Orbit";
			};
			name = Debug;
		};
		F609F2442FD61CEB003CA2C6 /* Release */ = {
			isa = XCBuildConfiguration;
			buildSettings = {
				BUNDLE_LOADER = "$(TEST_HOST)";
				CODE_SIGN_STYLE = Automatic;
				CURRENT_PROJECT_VERSION = 1;
				DEVELOPMENT_TEAM = 3925Z7934T;
				GENERATE_INFOPLIST_FILE = YES;
				IPHONEOS_DEPLOYMENT_TARGET = 17.0;
				MARKETING_VERSION = 1.0;
				PRODUCT_BUNDLE_IDENTIFIER = com.orbit.app.tests;
				PRODUCT_NAME = "$(TARGET_NAME)";
				STRING_CATALOG_GENERATE_SYMBOLS = NO;
				SWIFT_APPROACHABLE_CONCURRENCY = YES;
				SWIFT_EMIT_LOC_STRINGS = NO;
				SWIFT_UPCOMING_FEATURE_MEMBER_IMPORT_VISIBILITY = YES;
				SWIFT_VERSION = 5.0;
				TARGETED_DEVICE_FAMILY = "1,2";
				TEST_HOST = "$(BUILT_PRODUCTS_DIR)/Orbit.app/$(BUNDLE_EXECUTABLE_FOLDER_PATH)/Orbit";
			};
			name = Release;
		};
		F609F2462FD61CEB003CA2C6 /* Debug */ = {
			isa = XCBuildConfiguration;
			buildSettings = {
				CODE_SIGN_STYLE = Automatic;
				CURRENT_PROJECT_VERSION = 1;
				DEVELOPMENT_TEAM = 3925Z7934T;
				GENERATE_INFOPLIST_FILE = YES;
				MARKETING_VERSION = 1.0;
				PRODUCT_BUNDLE_IDENTIFIER = com.orbit.app.uitests;
				PRODUCT_NAME = "$(TARGET_NAME)";
				STRING_CATALOG_GENERATE_SYMBOLS = NO;
				SWIFT_APPROACHABLE_CONCURRENCY = YES;
				SWIFT_EMIT_LOC_STRINGS = NO;
				SWIFT_UPCOMING_FEATURE_MEMBER_IMPORT_VISIBILITY = YES;
				SWIFT_VERSION = 5.0;
				TARGETED_DEVICE_FAMILY = "1,2";
				TEST_TARGET_NAME = Orbit;
			};
			name = Debug;
		};
		F609F2472FD61CEB003CA2C6 /* Release */ = {
			isa = XCBuildConfiguration;
			buildSettings = {
				CODE_SIGN_STYLE = Automatic;
				CURRENT_PROJECT_VERSION = 1;
				DEVELOPMENT_TEAM = 3925Z7934T;
				GENERATE_INFOPLIST_FILE = YES;
				MARKETING_VERSION = 1.0;
				PRODUCT_BUNDLE_IDENTIFIER = com.orbit.app.uitests;
				PRODUCT_NAME = "$(TARGET_NAME)";
				STRING_CATALOG_GENERATE_SYMBOLS = NO;
				SWIFT_APPROACHABLE_CONCURRENCY = YES;
				SWIFT_EMIT_LOC_STRINGS = NO;
				SWIFT_UPCOMING_FEATURE_MEMBER_IMPORT_VISIBILITY = YES;
				SWIFT_VERSION = 5.0;
				TARGETED_DEVICE_FAMILY = "1,2";
				TEST_TARGET_NAME = Orbit;
			};
			name = Release;
		};
/* End XCBuildConfiguration section */

/* Begin XCConfigurationList section */
		F609F2172FD61CEA003CA2C6 /* Build configuration list for PBXProject "Orbit" */ = {
			isa = XCConfigurationList;
			buildConfigurations = (
				F609F23D2FD61CEB003CA2C6 /* Debug */,
				F609F23E2FD61CEB003CA2C6 /* Release */,
			);
			defaultConfigurationIsVisible = 0;
			defaultConfigurationName = Release;
		};
		F609F23F2FD61CEB003CA2C6 /* Build configuration list for PBXNativeTarget "Orbit" */ = {
			isa = XCConfigurationList;
			buildConfigurations = (
				F609F2402FD61CEB003CA2C6 /* Debug */,
				F609F2412FD61CEB003CA2C6 /* Release */,
			);
			defaultConfigurationIsVisible = 0;
			defaultConfigurationName = Release;
		};
		F609F2422FD61CEB003CA2C6 /* Build configuration list for PBXNativeTarget "OrbitTests" */ = {
			isa = XCConfigurationList;
			buildConfigurations = (
				F609F2432FD61CEB003CA2C6 /* Debug */,
				F609F2442FD61CEB003CA2C6 /* Release */,
			);
			defaultConfigurationIsVisible = 0;
			defaultConfigurationName = Release;
		};
		F609F2452FD61CEB003CA2C6 /* Build configuration list for PBXNativeTarget "OrbitUITests" */ = {
			isa = XCConfigurationList;
			buildConfigurations = (
				F609F2462FD61CEB003CA2C6 /* Debug */,
				F609F2472FD61CEB003CA2C6 /* Release */,
			);
			defaultConfigurationIsVisible = 0;
			defaultConfigurationName = Release;
		};
/* End XCConfigurationList section */

/* Begin XCRemoteSwiftPackageReference section */
		DCB62DE414B69C9F1150F337 /* XCRemoteSwiftPackageReference "supabase-swift" */ = {
			isa = XCRemoteSwiftPackageReference;
			repositoryURL = "https://github.com/supabase/supabase-swift";
			requirement = {
				kind = upToNextMajorVersion;
				minimumVersion = 2.54.1;
			};
		};
		25DE5F0B08865E4428EA616C /* XCRemoteSwiftPackageReference "KeychainAccess" */ = {
			isa = XCRemoteSwiftPackageReference;
			repositoryURL = "https://github.com/kishikawakatsumi/KeychainAccess";
			requirement = {
				kind = upToNextMajorVersion;
				minimumVersion = 4.2.2;
			};
		};
		D2796C0221173B39E40E1E52 /* XCRemoteSwiftPackageReference "swift-snapshot-testing" */ = {
			isa = XCRemoteSwiftPackageReference;
			repositoryURL = "https://github.com/pointfreeco/swift-snapshot-testing";
			requirement = {
				kind = upToNextMajorVersion;
				minimumVersion = 1.19.4;
			};
		};
/* End XCRemoteSwiftPackageReference section */

/* Begin XCSwiftPackageProductDependency section */
		528885EB7DBEB1F9480D85F9 /* Supabase */ = {
			isa = XCSwiftPackageProductDependency;
			package = DCB62DE414B69C9F1150F337 /* XCRemoteSwiftPackageReference "supabase-swift" */;
			productName = Supabase;
		};
		3B651F955BFA81467933E284 /* KeychainAccess */ = {
			isa = XCSwiftPackageProductDependency;
			package = 25DE5F0B08865E4428EA616C /* XCRemoteSwiftPackageReference "KeychainAccess" */;
			productName = KeychainAccess;
		};
		594BC9B024D1EBDA096AF675 /* SnapshotTesting */ = {
			isa = XCSwiftPackageProductDependency;
			package = D2796C0221173B39E40E1E52 /* XCRemoteSwiftPackageReference "swift-snapshot-testing" */;
			productName = SnapshotTesting;
		};
/* End XCSwiftPackageProductDependency section */
	};
	rootObject = F609F2142FD61CEA003CA2C6 /* Project object */;
}
